
Microsoft Visual Studio Solution File, Format Version 12.00
# Visual Studio Version 16
VisualStudioVersion = 16.0.28803.202
MinimumVisualStudioVersion = 10.0.40219.1
Project("{FAE04EC0-301F-11D3-BF4B-00C04F79EFBC}") = "Kursovaya", "Kursovaya\Kursovaya.csproj", "{8D59840A-7189-4888-9DEA-41D36B3F2413}"
EndProject
Project("{2150E333-8FDC-42A3-9474-1A3956D46DE8}") = "Npgsql", "Npgsql", "{A39CF0CC-C979-4EF1-A225-233CDB6FDB5D}"
	ProjectSection(SolutionItems) = preProject
		Kursovaya\Npgsql\Npgsql2.0.11.91-bin-ms.net3.5sp1\Mono.Security.dll = Kursovaya\Npgsql\Npgsql2.0.11.91-bin-ms.net3.5sp1\Mono.Security.dll
		Kursovaya\Npgsql\Npgsql2.0.11.91-bin-ms.net3.5sp1\Npgsql.dll = Kursovaya\Npgsql\Npgsql2.0.11.91-bin-ms.net3.5sp1\Npgsql.dll
		Kursovaya\Npgsql\Npgsql2.0.11.91-bin-ms.net3.5sp1\Npgsql.pdb = Kursovaya\Npgsql\Npgsql2.0.11.91-bin-ms.net3.5sp1\Npgsql.pdb
		Kursovaya\Npgsql\Npgsql2.0.11.91-bin-ms.net3.5sp1\Npgsql.XML = Kursovaya\Npgsql\Npgsql2.0.11.91-bin-ms.net3.5sp1\Npgsql.XML
		Kursovaya\Npgsql\Npgsql2.0.11.91-bin-ms.net3.5sp1\policy.2.0.Npgsql.config = Kursovaya\Npgsql\Npgsql2.0.11.91-bin-ms.net3.5sp1\policy.2.0.Npgsql.config
		Kursovaya\Npgsql\Npgsql2.0.11.91-bin-ms.net3.5sp1\policy.2.0.Npgsql.dll = Kursovaya\Npgsql\Npgsql2.0.11.91-bin-ms.net3.5sp1\policy.2.0.Npgsql.dll
	EndProjectSection
EndProject
Global
	GlobalSection(SolutionConfigurationPlatforms) = preSolution
		Debug|Any CPU = Debug|Any CPU
		Debug|x86 = Debug|x86
		Release|Any CPU = Release|Any CPU
		Release|x86 = Release|x86
	EndGlobalSection
	GlobalSection(ProjectConfigurationPlatforms) = postSolution
		{8D59840A-7189-4888-9DEA-41D36B3F2413}.Debug|Any CPU.ActiveCfg = Debug|Any CPU
		{8D59840A-7189-4888-9DEA-41D36B3F2413}.Debug|Any CPU.Build.0 = Debug|Any CPU
		{8D59840A-7189-4888-9DEA-41D36B3F2413}.Debug|x86.ActiveCfg = Debug|Any CPU
		{8D59840A-7189-4888-9DEA-41D36B3F2413}.Debug|x86.Build.0 = Debug|Any CPU
		{8D59840A-7189-4888-9DEA-41D36B3F2413}.Release|Any CPU.ActiveCfg = Release|Any CPU
		{8D59840A-7189-4888-9DEA-41D36B3F2413}.Release|Any CPU.Build.0 = Release|Any CPU
		{8D59840A-7189-4888-9DEA-41D36B3F2413}.Release|x86.ActiveCfg = Release|Any CPU
		{8D59840A-7189-4888-9DEA-41D36B3F2413}.Release|x86.Build.0 = Release|Any CPU
	EndGlobalSection
	GlobalSection(SolutionProperties) = preSolution
		HideSolutionNode = FALSE
	EndGlobalSection
	GlobalSection(ExtensibilityGlobals) = postSolution
		SolutionGuid = {474AC121-8385-4C00-BABF-FF4D1491F546}
	EndGlobalSection
EndGlobal
