
Microsoft Visual Studio Solution File, Format Version 12.00
# Visual Studio Version 16
VisualStudioVersion = 16.0.28803.202
MinimumVisualStudioVersion = 10.0.40219.1
Project("{FAE04EC0-301F-11D3-BF4B-00C04F79EFBC}") = "Grishin", "Grishin\Grishin.csproj", "{CEEFB713-BEEA-4084-8615-80DA22502A67}"
EndProject
Global
	GlobalSection(SolutionConfigurationPlatforms) = preSolution
		Debug|Any CPU = Debug|Any CPU
		Release|Any CPU = Release|Any CPU
	EndGlobalSection
	GlobalSection(ProjectConfigurationPlatforms) = postSolution
		{CEEFB713-BEEA-4084-8615-80DA22502A67}.Debug|Any CPU.ActiveCfg = Debug|Any CPU
		{CEEFB713-BEEA-4084-8615-80DA22502A67}.Debug|Any CPU.Build.0 = Debug|Any CPU
		{CEEFB713-BEEA-4084-8615-80DA22502A67}.Release|Any CPU.ActiveCfg = Release|Any CPU
		{CEEFB713-BEEA-4084-8615-80DA22502A67}.Release|Any CPU.Build.0 = Release|Any CPU
	EndGlobalSection
	GlobalSection(SolutionProperties) = preSolution
		HideSolutionNode = FALSE
	EndGlobalSection
	GlobalSection(ExtensibilityGlobals) = postSolution
		SolutionGuid = {5C55A12D-39BA-4E2D-AB38-C71EDDBF2E8A}
	EndGlobalSection
EndGlobal
